
Microsoft Visual Studio Solution File, Format Version 12.00
# Visual Studio Version 17
VisualStudioVersion = 17.5.2.0
MinimumVisualStudioVersion = 10.0.40219.1
Project("{FAE04EC0-301F-11D3-BF4B-00C04F79EFBC}") = "LumStoreAPI.Infrastructure", "LumStoreAPI.Infrastructure\LumStoreAPI.Infrastructure.csproj", "{03295AA8-4240-07DD-CD07-8990529A17D5}"
EndProject
Project("{FAE04EC0-301F-11D3-BF4B-00C04F79EFBC}") = "LumStoreAPI.Core", "LumStoreAPI.Core\LumStoreAPI.Core.csproj", "{38B11369-41FA-26EA-DE1E-887C5CEFDF3A}"
EndProject
Project("{FAE04EC0-301F-11D3-BF4B-00C04F79EFBC}") = "LumStoreAPI.Tasks", "LumStoreAPI.Tasks\LumStoreAPI.Tasks.csproj", "{33F11B5B-CEA3-7592-5701-153F67F1ED2C}"
EndProject
Project("{FAE04EC0-301F-11D3-BF4B-00C04F79EFBC}") = "LumStoreAPI.Libraries", "LumStoreAPI.Libraries\LumStoreAPI.Libraries.csproj", "{2FD634B7-58DC-EC2F-4983-58A71075DAD5}"
EndProject
Project("{FAE04EC0-301F-11D3-BF4B-00C04F79EFBC}") = "LumStoreAPI.Application", "LumStoreAPI.Application\LumStoreAPI.Application.csproj", "{6F1B1796-7911-6599-9BC6-73C2F7B9DB7C}"
EndProject
Project("{FAE04EC0-301F-11D3-BF4B-00C04F79EFBC}") = "LumStoreAPI", "LumStoreAPI\LumStoreAPI.csproj", "{391260B7-D585-071C-2FA5-3D75135986C2}"
EndProject
Project("{FAE04EC0-301F-11D3-BF4B-00C04F79EFBC}") = "LumStoreAPI.DataEngine", "LumStoreAPI.DataEngine\LumStoreAPI.DataEngine.csproj", "{616B2FE0-8A6B-E1E2-B448-05A4BBD616A1}"
EndProject
Project("{FAE04EC0-301F-11D3-BF4B-00C04F79EFBC}") = "LumStoreAPI.SDK", "LumStoreAPI.SDK\LumStoreAPI.SDK.csproj", "{E8EF392F-46A7-4B5B-98F3-E80BE55EA11F}"
EndProject
Global
	GlobalSection(SolutionConfigurationPlatforms) = preSolution
		Debug|Any CPU = Debug|Any CPU
		Debug|x64 = Debug|x64
		Debug|x86 = Debug|x86
		Release|Any CPU = Release|Any CPU
		Release|x64 = Release|x64
		Release|x86 = Release|x86
	EndGlobalSection
	GlobalSection(ProjectConfigurationPlatforms) = postSolution
		{03295AA8-4240-07DD-CD07-8990529A17D5}.Debug|Any CPU.ActiveCfg = Debug|Any CPU
		{03295AA8-4240-07DD-CD07-8990529A17D5}.Debug|Any CPU.Build.0 = Debug|Any CPU
		{03295AA8-4240-07DD-CD07-8990529A17D5}.Debug|x64.ActiveCfg = Debug|Any CPU
		{03295AA8-4240-07DD-CD07-8990529A17D5}.Debug|x64.Build.0 = Debug|Any CPU
		{03295AA8-4240-07DD-CD07-8990529A17D5}.Debug|x86.ActiveCfg = Debug|Any CPU
		{03295AA8-4240-07DD-CD07-8990529A17D5}.Debug|x86.Build.0 = Debug|Any CPU
		{03295AA8-4240-07DD-CD07-8990529A17D5}.Release|Any CPU.ActiveCfg = Release|Any CPU
		{03295AA8-4240-07DD-CD07-8990529A17D5}.Release|Any CPU.Build.0 = Release|Any CPU
		{03295AA8-4240-07DD-CD07-8990529A17D5}.Release|x64.ActiveCfg = Release|Any CPU
		{03295AA8-4240-07DD-CD07-8990529A17D5}.Release|x64.Build.0 = Release|Any CPU
		{03295AA8-4240-07DD-CD07-8990529A17D5}.Release|x86.ActiveCfg = Release|Any CPU
		{03295AA8-4240-07DD-CD07-8990529A17D5}.Release|x86.Build.0 = Release|Any CPU
		{38B11369-41FA-26EA-DE1E-887C5CEFDF3A}.Debug|Any CPU.ActiveCfg = Debug|Any CPU
		{38B11369-41FA-26EA-DE1E-887C5CEFDF3A}.Debug|Any CPU.Build.0 = Debug|Any CPU
		{38B11369-41FA-26EA-DE1E-887C5CEFDF3A}.Debug|x64.ActiveCfg = Debug|Any CPU
		{38B11369-41FA-26EA-DE1E-887C5CEFDF3A}.Debug|x64.Build.0 = Debug|Any CPU
		{38B11369-41FA-26EA-DE1E-887C5CEFDF3A}.Debug|x86.ActiveCfg = Debug|Any CPU
		{38B11369-41FA-26EA-DE1E-887C5CEFDF3A}.Debug|x86.Build.0 = Debug|Any CPU
		{38B11369-41FA-26EA-DE1E-887C5CEFDF3A}.Release|Any CPU.ActiveCfg = Release|Any CPU
		{38B11369-41FA-26EA-DE1E-887C5CEFDF3A}.Release|Any CPU.Build.0 = Release|Any CPU
		{38B11369-41FA-26EA-DE1E-887C5CEFDF3A}.Release|x64.ActiveCfg = Release|Any CPU
		{38B11369-41FA-26EA-DE1E-887C5CEFDF3A}.Release|x64.Build.0 = Release|Any CPU
		{38B11369-41FA-26EA-DE1E-887C5CEFDF3A}.Release|x86.ActiveCfg = Release|Any CPU
		{38B11369-41FA-26EA-DE1E-887C5CEFDF3A}.Release|x86.Build.0 = Release|Any CPU
		{33F11B5B-CEA3-7592-5701-153F67F1ED2C}.Debug|Any CPU.ActiveCfg = Debug|Any CPU
		{33F11B5B-CEA3-7592-5701-153F67F1ED2C}.Debug|Any CPU.Build.0 = Debug|Any CPU
		{33F11B5B-CEA3-7592-5701-153F67F1ED2C}.Debug|x64.ActiveCfg = Debug|Any CPU
		{33F11B5B-CEA3-7592-5701-153F67F1ED2C}.Debug|x64.Build.0 = Debug|Any CPU
		{33F11B5B-CEA3-7592-5701-153F67F1ED2C}.Debug|x86.ActiveCfg = Debug|Any CPU
		{33F11B5B-CEA3-7592-5701-153F67F1ED2C}.Debug|x86.Build.0 = Debug|Any CPU
		{33F11B5B-CEA3-7592-5701-153F67F1ED2C}.Release|Any CPU.ActiveCfg = Release|Any CPU
		{33F11B5B-CEA3-7592-5701-153F67F1ED2C}.Release|Any CPU.Build.0 = Release|Any CPU
		{33F11B5B-CEA3-7592-5701-153F67F1ED2C}.Release|x64.ActiveCfg = Release|Any CPU
		{33F11B5B-CEA3-7592-5701-153F67F1ED2C}.Release|x64.Build.0 = Release|Any CPU
		{33F11B5B-CEA3-7592-5701-153F67F1ED2C}.Release|x86.ActiveCfg = Release|Any CPU
		{33F11B5B-CEA3-7592-5701-153F67F1ED2C}.Release|x86.Build.0 = Release|Any CPU
		{2FD634B7-58DC-EC2F-4983-58A71075DAD5}.Debug|Any CPU.ActiveCfg = Debug|Any CPU
		{2FD634B7-58DC-EC2F-4983-58A71075DAD5}.Debug|Any CPU.Build.0 = Debug|Any CPU
		{2FD634B7-58DC-EC2F-4983-58A71075DAD5}.Debug|x64.ActiveCfg = Debug|Any CPU
		{2FD634B7-58DC-EC2F-4983-58A71075DAD5}.Debug|x64.Build.0 = Debug|Any CPU
		{2FD634B7-58DC-EC2F-4983-58A71075DAD5}.Debug|x86.ActiveCfg = Debug|Any CPU
		{2FD634B7-58DC-EC2F-4983-58A71075DAD5}.Debug|x86.Build.0 = Debug|Any CPU
		{2FD634B7-58DC-EC2F-4983-58A71075DAD5}.Release|Any CPU.ActiveCfg = Release|Any CPU
		{2FD634B7-58DC-EC2F-4983-58A71075DAD5}.Release|Any CPU.Build.0 = Release|Any CPU
		{2FD634B7-58DC-EC2F-4983-58A71075DAD5}.Release|x64.ActiveCfg = Release|Any CPU
		{2FD634B7-58DC-EC2F-4983-58A71075DAD5}.Release|x64.Build.0 = Release|Any CPU
		{2FD634B7-58DC-EC2F-4983-58A71075DAD5}.Release|x86.ActiveCfg = Release|Any CPU
		{2FD634B7-58DC-EC2F-4983-58A71075DAD5}.Release|x86.Build.0 = Release|Any CPU
		{6F1B1796-7911-6599-9BC6-73C2F7B9DB7C}.Debug|Any CPU.ActiveCfg = Debug|Any CPU
		{6F1B1796-7911-6599-9BC6-73C2F7B9DB7C}.Debug|Any CPU.Build.0 = Debug|Any CPU
		{6F1B1796-7911-6599-9BC6-73C2F7B9DB7C}.Debug|x64.ActiveCfg = Debug|Any CPU
		{6F1B1796-7911-6599-9BC6-73C2F7B9DB7C}.Debug|x64.Build.0 = Debug|Any CPU
		{6F1B1796-7911-6599-9BC6-73C2F7B9DB7C}.Debug|x86.ActiveCfg = Debug|Any CPU
		{6F1B1796-7911-6599-9BC6-73C2F7B9DB7C}.Debug|x86.Build.0 = Debug|Any CPU
		{6F1B1796-7911-6599-9BC6-73C2F7B9DB7C}.Release|Any CPU.ActiveCfg = Release|Any CPU
		{6F1B1796-7911-6599-9BC6-73C2F7B9DB7C}.Release|Any CPU.Build.0 = Release|Any CPU
		{6F1B1796-7911-6599-9BC6-73C2F7B9DB7C}.Release|x64.ActiveCfg = Release|Any CPU
		{6F1B1796-7911-6599-9BC6-73C2F7B9DB7C}.Release|x64.Build.0 = Release|Any CPU
		{6F1B1796-7911-6599-9BC6-73C2F7B9DB7C}.Release|x86.ActiveCfg = Release|Any CPU
		{6F1B1796-7911-6599-9BC6-73C2F7B9DB7C}.Release|x86.Build.0 = Release|Any CPU
		{391260B7-D585-071C-2FA5-3D75135986C2}.Debug|Any CPU.ActiveCfg = Debug|Any CPU
		{391260B7-D585-071C-2FA5-3D75135986C2}.Debug|Any CPU.Build.0 = Debug|Any CPU
		{391260B7-D585-071C-2FA5-3D75135986C2}.Debug|x64.ActiveCfg = Debug|Any CPU
		{391260B7-D585-071C-2FA5-3D75135986C2}.Debug|x64.Build.0 = Debug|Any CPU
		{391260B7-D585-071C-2FA5-3D75135986C2}.Debug|x86.ActiveCfg = Debug|Any CPU
		{391260B7-D585-071C-2FA5-3D75135986C2}.Debug|x86.Build.0 = Debug|Any CPU
		{391260B7-D585-071C-2FA5-3D75135986C2}.Release|Any CPU.ActiveCfg = Release|Any CPU
		{391260B7-D585-071C-2FA5-3D75135986C2}.Release|Any CPU.Build.0 = Release|Any CPU
		{391260B7-D585-071C-2FA5-3D75135986C2}.Release|x64.ActiveCfg = Release|Any CPU
		{391260B7-D585-071C-2FA5-3D75135986C2}.Release|x64.Build.0 = Release|Any CPU
		{391260B7-D585-071C-2FA5-3D75135986C2}.Release|x86.ActiveCfg = Release|Any CPU
		{391260B7-D585-071C-2FA5-3D75135986C2}.Release|x86.Build.0 = Release|Any CPU
		{616B2FE0-8A6B-E1E2-B448-05A4BBD616A1}.Debug|Any CPU.ActiveCfg = Debug|Any CPU
		{616B2FE0-8A6B-E1E2-B448-05A4BBD616A1}.Debug|Any CPU.Build.0 = Debug|Any CPU
		{616B2FE0-8A6B-E1E2-B448-05A4BBD616A1}.Debug|x64.ActiveCfg = Debug|Any CPU
		{616B2FE0-8A6B-E1E2-B448-05A4BBD616A1}.Debug|x64.Build.0 = Debug|Any CPU
		{616B2FE0-8A6B-E1E2-B448-05A4BBD616A1}.Debug|x86.ActiveCfg = Debug|Any CPU
		{616B2FE0-8A6B-E1E2-B448-05A4BBD616A1}.Debug|x86.Build.0 = Debug|Any CPU
		{616B2FE0-8A6B-E1E2-B448-05A4BBD616A1}.Release|Any CPU.ActiveCfg = Release|Any CPU
		{616B2FE0-8A6B-E1E2-B448-05A4BBD616A1}.Release|Any CPU.Build.0 = Release|Any CPU
		{616B2FE0-8A6B-E1E2-B448-05A4BBD616A1}.Release|x64.ActiveCfg = Release|Any CPU
		{616B2FE0-8A6B-E1E2-B448-05A4BBD616A1}.Release|x64.Build.0 = Release|Any CPU
		{616B2FE0-8A6B-E1E2-B448-05A4BBD616A1}.Release|x86.ActiveCfg = Release|Any CPU
		{616B2FE0-8A6B-E1E2-B448-05A4BBD616A1}.Release|x86.Build.0 = Release|Any CPU
		{E8EF392F-46A7-4B5B-98F3-E80BE55EA11F}.Debug|Any CPU.ActiveCfg = Debug|Any CPU
		{E8EF392F-46A7-4B5B-98F3-E80BE55EA11F}.Debug|Any CPU.Build.0 = Debug|Any CPU
		{E8EF392F-46A7-4B5B-98F3-E80BE55EA11F}.Debug|x64.ActiveCfg = Debug|Any CPU
		{E8EF392F-46A7-4B5B-98F3-E80BE55EA11F}.Debug|x64.Build.0 = Debug|Any CPU
		{E8EF392F-46A7-4B5B-98F3-E80BE55EA11F}.Debug|x86.ActiveCfg = Debug|Any CPU
		{E8EF392F-46A7-4B5B-98F3-E80BE55EA11F}.Debug|x86.Build.0 = Debug|Any CPU
		{E8EF392F-46A7-4B5B-98F3-E80BE55EA11F}.Release|Any CPU.ActiveCfg = Release|Any CPU
		{E8EF392F-46A7-4B5B-98F3-E80BE55EA11F}.Release|Any CPU.Build.0 = Release|Any CPU
		{E8EF392F-46A7-4B5B-98F3-E80BE55EA11F}.Release|x64.ActiveCfg = Release|Any CPU
		{E8EF392F-46A7-4B5B-98F3-E80BE55EA11F}.Release|x64.Build.0 = Release|Any CPU
		{E8EF392F-46A7-4B5B-98F3-E80BE55EA11F}.Release|x86.ActiveCfg = Release|Any CPU
		{E8EF392F-46A7-4B5B-98F3-E80BE55EA11F}.Release|x86.Build.0 = Release|Any CPU
	EndGlobalSection
	GlobalSection(SolutionProperties) = preSolution
		HideSolutionNode = FALSE
	EndGlobalSection
	GlobalSection(ExtensibilityGlobals) = postSolution
		SolutionGuid = {D909BA25-B0E0-418C-AAFD-6C014C71A743}
	EndGlobalSection
EndGlobal
