<Solution>
  <Project Path="LumStoreAPI.Application/LumStoreAPI.Application.csproj" />
  <Project Path="LumStoreAPI.Core/LumStoreAPI.Core.csproj" />
  <Project Path="LumStoreAPI.DataEngine/LumStoreAPI.DataEngine.csproj" Id="7847a09a-3c72-48f9-8a34-91dd5e8343a1" />
  <Project Path="LumStoreAPI.Infrastructure/LumStoreAPI.Infrastructure.csproj" />
  <Project Path="LumStoreAPI.Libraries/LumStoreAPI.Libraries.csproj" />
  <Project Path="LumStoreAPI/LumStoreAPI.csproj" />
</Solution>
